// !$*UTF8*$!
{
	archiveVersion = 1;
	classes = {
	};
	objectVersion = 56;
	objects = {

/* Begin PBXBuildFile section */
		1D949D652B23DBAF00AB498D /* Cafe.swift in Sources */ = {isa = PBXBuildFile; fileRef = 1D949D642B23DBAF00AB498D /* Cafe.swift */; };
		1D949D672B23DF6400AB498D /* CafeData.swift in Sources */ = {isa = PBXBuildFile; fileRef = 1D949D662B23DF6400AB498D /* CafeData.swift */; };
		1D949D692B23DFFB00AB498D /* CafeStore.swift in Sources */ = {isa = PBXBuildFile; fileRef = 1D949D682B23DFFB00AB498D /* CafeStore.swift */; };
		1D949D6B2B23E43700AB498D /* CafeDetail.swift in Sources */ = {isa = PBXBuildFile; fileRef = 1D949D6A2B23E43700AB498D /* CafeDetail.swift */; };
		1D949D6D2B23E74E00AB498D /* cafeData.json in Resources */ = {isa = PBXBuildFile; fileRef = 1D949D6C2B23E74E00AB498D /* cafeData.json */; };
		1DB4FF9E2B22573700B4E2CF /* finalprojectApp.swift in Sources */ = {isa = PBXBuildFile; fileRef = 1DB4FF9D2B22573700B4E2CF /* finalprojectApp.swift */; };
		1DB4FFA02B22573700B4E2CF /* ContentView.swift in Sources */ = {isa = PBXBuildFile; fileRef = 1DB4FF9F2B22573700B4E2CF /* ContentView.swift */; };
		1DB4FFA22B22573F00B4E2CF /* Assets.xcassets in Resources */ = {isa = PBXBuildFile; fileRef = 1DB4FFA12B22573F00B4E2CF /* Assets.xcassets */; };
		1DB4FFA52B22573F00B4E2CF /* Preview Assets.xcassets in Resources */ = {isa = PBXBuildFile; fileRef = 1DB4FFA42B22573F00B4E2CF /* Preview Assets.xcassets */; };
		1DB4FFAC2B22579700B4E2CF /* Tab1.swift in Sources */ = {isa = PBXBuildFile; fileRef = 1DB4FFAB2B22579700B4E2CF /* Tab1.swift */; };
		1DB4FFAE2B2257A600B4E2CF /* Tab2.swift in Sources */ = {isa = PBXBuildFile; fileRef = 1DB4FFAD2B2257A600B4E2CF /* Tab2.swift */; };
		1DB4FFB02B2257B500B4E2CF /* Tab3.swift in Sources */ = {isa = PBXBuildFile; fileRef = 1DB4FFAF2B2257B500B4E2CF /* Tab3.swift */; };
/* End PBXBuildFile section */

/* Begin PBXFileReference section */
		1D949D642B23DBAF00AB498D /* Cafe.swift */ = {isa = PBXFileReference; lastKnownFileType = sourcecode.swift; path = Cafe.swift; sourceTree = "<group>"; };
		1D949D662B23DF6400AB498D /* CafeData.swift */ = {isa = PBXFileReference; lastKnownFileType = sourcecode.swift; path = CafeData.swift; sourceTree = "<group>"; };
		1D949D682B23DFFB00AB498D /* CafeStore.swift */ = {isa = PBXFileReference; lastKnownFileType = sourcecode.swift; path = CafeStore.swift; sourceTree = "<group>"; };
		1D949D6A2B23E43700AB498D /* CafeDetail.swift */ = {isa = PBXFileReference; lastKnownFileType = sourcecode.swift; path = CafeDetail.swift; sourceTree = "<group>"; };
		1D949D6C2B23E74E00AB498D /* cafeData.json */ = {isa = PBXFileReference; lastKnownFileType = text.json; path = cafeData.json; sourceTree = "<group>"; };
		1DB4FF9A2B22573700B4E2CF /* finalproject.app */ = {isa = PBXFileReference; explicitFileType = wrapper.application; includeInIndex = 0; path = finalproject.app; sourceTree = BUILT_PRODUCTS_DIR; };
		1DB4FF9D2B22573700B4E2CF /* finalprojectApp.swift */ = {isa = PBXFileReference; lastKnownFileType = sourcecode.swift; path = finalprojectApp.swift; sourceTree = "<group>"; };
		1DB4FF9F2B22573700B4E2CF /* ContentView.swift */ = {isa = PBXFileReference; lastKnownFileType = sourcecode.swift; path = ContentView.swift; sourceTree = "<group>"; };
		1DB4FFA12B22573F00B4E2CF /* Assets.xcassets */ = {isa = PBXFileReference; lastKnownFileType = folder.assetcatalog; path = Assets.xcassets; sourceTree = "<group>"; };
		1DB4FFA42B22573F00B4E2CF /* Preview Assets.xcassets */ = {isa = PBXFileReference; lastKnownFileType = folder.assetcatalog; path = "Preview Assets.xcassets"; sourceTree = "<group>"; };
		1DB4FFAB2B22579700B4E2CF /* Tab1.swift */ = {isa = PBXFileReference; lastKnownFileType = sourcecode.swift; path = Tab1.swift; sourceTree = "<group>"; };
		1DB4FFAD2B2257A600B4E2CF /* Tab2.swift */ = {isa = PBXFileReference; lastKnownFileType = sourcecode.swift; path = Tab2.swift; sourceTree = "<group>"; };
		1DB4FFAF2B2257B500B4E2CF /* Tab3.swift */ = {isa = PBXFileReference; lastKnownFileType = sourcecode.swift; path = Tab3.swift; sourceTree = "<group>"; };
/* End PBXFileReference section */

/* Begin PBXFrameworksBuildPhase section */
		1DB4FF972B22573700B4E2CF /* Frameworks */ = {
			isa = PBXFrameworksBuildPhase;
			buildActionMask = 2147483647;
			files = (
			);
			runOnlyForDeploymentPostprocessing = 0;
		};
/* End PBXFrameworksBuildPhase section */

/* Begin PBXGroup section */
		1DB4FF912B22573700B4E2CF = {
			isa = PBXGroup;
			children = (
				1DB4FF9C2B22573700B4E2CF /* finalproject */,
				1DB4FF9B2B22573700B4E2CF /* Products */,
			);
			sourceTree = "<group>";
		};
		1DB4FF9B2B22573700B4E2CF /* Products */ = {
			isa = PBXGroup;
			children = (
				1DB4FF9A2B22573700B4E2CF /* finalproject.app */,
			);
			name = Products;
			sourceTree = "<group>";
		};
		1DB4FF9C2B22573700B4E2CF /* finalproject */ = {
			isa = PBXGroup;
			children = (
				1DB4FF9D2B22573700B4E2CF /* finalprojectApp.swift */,
				1DB4FF9F2B22573700B4E2CF /* ContentView.swift */,
				1D949D642B23DBAF00AB498D /* Cafe.swift */,
				1D949D662B23DF6400AB498D /* CafeData.swift */,
				1D949D682B23DFFB00AB498D /* CafeStore.swift */,
				1DB4FFAB2B22579700B4E2CF /* Tab1.swift */,
				1DB4FFAD2B2257A600B4E2CF /* Tab2.swift */,
				1D949D6A2B23E43700AB498D /* CafeDetail.swift */,
				1D949D6C2B23E74E00AB498D /* cafeData.json */,
				1DB4FFAF2B2257B500B4E2CF /* Tab3.swift */,
				1DB4FFA12B22573F00B4E2CF /* Assets.xcassets */,
				1DB4FFA32B22573F00B4E2CF /* Preview Content */,
			);
			path = finalproject;
			sourceTree = "<group>";
		};
		1DB4FFA32B22573F00B4E2CF /* Preview Content */ = {
			isa = PBXGroup;
			children = (
				1DB4FFA42B22573F00B4E2CF /* Preview Assets.xcassets */,
			);
			path = "Preview Content";
			sourceTree = "<group>";
		};
/* End PBXGroup section */

/* Begin PBXNativeTarget section */
		1DB4FF992B22573700B4E2CF /* finalproject */ = {
			isa = PBXNativeTarget;
			buildConfigurationList = 1DB4FFA82B22573F00B4E2CF /* Build configuration list for PBXNativeTarget "finalproject" */;
			buildPhases = (
				1DB4FF962B22573700B4E2CF /* Sources */,
				1DB4FF972B22573700B4E2CF /* Frameworks */,
				1DB4FF982B22573700B4E2CF /* Resources */,
			);
			buildRules = (
			);
			dependencies = (
			);
			name = finalproject;
			productName = finalproject;
			productReference = 1DB4FF9A2B22573700B4E2CF /* finalproject.app */;
			productType = "com.apple.product-type.application";
		};
/* End PBXNativeTarget section */

/* Begin PBXProject section */
		1DB4FF922B22573700B4E2CF /* Project object */ = {
			isa = PBXProject;
			attributes = {
				BuildIndependentTargetsInParallel = 1;
				LastSwiftUpdateCheck = 1500;
				LastUpgradeCheck = 1500;
				TargetAttributes = {
					1DB4FF992B22573700B4E2CF = {
						CreatedOnToolsVersion = 15.0.1;
					};
				};
			};
			buildConfigurationList = 1DB4FF952B22573700B4E2CF /* Build configuration list for PBXProject "finalproject" */;
			compatibilityVersion = "Xcode 14.0";
			developmentRegion = en;
			hasScannedForEncodings = 0;
			knownRegions = (
				en,
				Base,
			);
			mainGroup = 1DB4FF912B22573700B4E2CF;
			productRefGroup = 1DB4FF9B2B22573700B4E2CF /* Products */;
			projectDirPath = "";
			projectRoot = "";
			targets = (
				1DB4FF992B22573700B4E2CF /* finalproject */,
			);
		};
/* End PBXProject section */

/* Begin PBXResourcesBuildPhase section */
		1DB4FF982B22573700B4E2CF /* Resources */ = {
			isa = PBXResourcesBuildPhase;
			buildActionMask = 2147483647;
			files = (
				1D949D6D2B23E74E00AB498D /* cafeData.json in Resources */,
				1DB4FFA52B22573F00B4E2CF /* Preview Assets.xcassets in Resources */,
				1DB4FFA22B22573F00B4E2CF /* Assets.xcassets in Resources */,
			);
			runOnlyForDeploymentPostprocessing = 0;
		};
/* End PBXResourcesBuildPhase section */

/* Begin PBXSourcesBuildPhase section */
		1DB4FF962B22573700B4E2CF /* Sources */ = {
			isa = PBXSourcesBuildPhase;
			buildActionMask = 2147483647;
			files = (
				1DB4FFA02B22573700B4E2CF /* ContentView.swift in Sources */,
				1D949D652B23DBAF00AB498D /* Cafe.swift in Sources */,
				1DB4FF9E2B22573700B4E2CF /* finalprojectApp.swift in Sources */,
				1DB4FFAE2B2257A600B4E2CF /* Tab2.swift in Sources */,
				1DB4FFB02B2257B500B4E2CF /* Tab3.swift in Sources */,
				1D949D6B2B23E43700AB498D /* CafeDetail.swift in Sources */,
				1DB4FFAC2B22579700B4E2CF /* Tab1.swift in Sources */,
				1D949D692B23DFFB00AB498D /* CafeStore.swift in Sources */,
				1D949D672B23DF6400AB498D /* CafeData.swift in Sources */,
			);
			runOnlyForDeploymentPostprocessing = 0;
		};
/* End PBXSourcesBuildPhase section */

/* Begin XCBuildConfiguration section */
		1DB4FFA62B22573F00B4E2CF /* Debug */ = {
			isa = XCBuildConfiguration;
			buildSettings = {
				ALWAYS_SEARCH_USER_PATHS = NO;
				ASSETCATALOG_COMPILER_GENERATE_SWIFT_ASSET_SYMBOL_EXTENSIONS = YES;
				CLANG_ANALYZER_NONNULL = YES;
				CLANG_ANALYZER_NUMBER_OBJECT_CONVERSION = YES_AGGRESSIVE;
				CLANG_CXX_LANGUAGE_STANDARD = "gnu++20";
				CLANG_ENABLE_MODULES = YES;
				CLANG_ENABLE_OBJC_ARC = YES;
				CLANG_ENABLE_OBJC_WEAK = YES;
				CLANG_WARN_BLOCK_CAPTURE_AUTORELEASING = YES;
				CLANG_WARN_BOOL_CONVERSION = YES;
				CLANG_WARN_COMMA = YES;
				CLANG_WARN_CONSTANT_CONVERSION = YES;
				CLANG_WARN_DEPRECATED_OBJC_IMPLEMENTATIONS = YES;
				CLANG_WARN_DIRECT_OBJC_ISA_USAGE = YES_ERROR;
				CLANG_WARN_DOCUMENTATION_COMMENTS = YES;
				CLANG_WARN_EMPTY_BODY = YES;
				CLANG_WARN_ENUM_CONVERSION = YES;
				CLANG_WARN_INFINITE_RECURSION = YES;
				CLANG_WARN_INT_CONVERSION = YES;
				CLANG_WARN_NON_LITERAL_NULL_CONVERSION = YES;
				CLANG_WARN_OBJC_IMPLICIT_RETAIN_SELF = YES;
				CLANG_WARN_OBJC_LITERAL_CONVERSION = YES;
				CLANG_WARN_OBJC_ROOT_CLASS = YES_ERROR;
				CLANG_WARN_QUOTED_INCLUDE_IN_FRAMEWORK_HEADER = YES;
				CLANG_WARN_RANGE_LOOP_ANALYSIS = YES;
				CLANG_WARN_STRICT_PROTOTYPES = YES;
				CLANG_WARN_SUSPICIOUS_MOVE = YES;
				CLANG_WARN_UNGUARDED_AVAILABILITY = YES_AGGRESSIVE;
				CLANG_WARN_UNREACHABLE_CODE = YES;
				CLANG_WARN__DUPLICATE_METHOD_MATCH = YES;
				COPY_PHASE_STRIP = NO;
				DEBUG_INFORMATION_FORMAT = dwarf;
				ENABLE_STRICT_OBJC_MSGSEND = YES;
				ENABLE_TESTABILITY = YES;
				ENABLE_USER_SCRIPT_SANDBOXING = YES;
				GCC_C_LANGUAGE_STANDARD = gnu17;
				GCC_DYNAMIC_NO_PIC = NO;
				GCC_NO_COMMON_BLOCKS = YES;
				GCC_OPTIMIZATION_LEVEL = 0;
				GCC_PREPROCESSOR_DEFINITIONS = (
					"DEBUG=1",
					"$(inherited)",
				);
				GCC_WARN_64_TO_32_BIT_CONVERSION = YES;
				GCC_WARN_ABOUT_RETURN_TYPE = YES_ERROR;
				GCC_WARN_UNDECLARED_SELECTOR = YES;
				GCC_WARN_UNINITIALIZED_AUTOS = YES_AGGRESSIVE;
				GCC_WARN_UNUSED_FUNCTION = YES;
				GCC_WARN_UNUSED_VARIABLE = YES;
				IPHONEOS_DEPLOYMENT_TARGET = 17.0;
				LOCALIZATION_PREFERS_STRING_CATALOGS = YES;
				MTL_ENABLE_DEBUG_INFO = INCLUDE_SOURCE;
				MTL_FAST_MATH = YES;
				ONLY_ACTIVE_ARCH = YES;
				SDKROOT = iphoneos;
				SWIFT_ACTIVE_COMPILATION_CONDITIONS = "DEBUG $(inherited)";
				SWIFT_OPTIMIZATION_LEVEL = "-Onone";
			};
			name = Debug;
		};
		1DB4FFA72B22573F00B4E2CF /* Release */ = {
			isa = XCBuildConfiguration;
			buildSettings = {
				ALWAYS_SEARCH_USER_PATHS = NO;
				ASSETCATALOG_COMPILER_GENERATE_SWIFT_ASSET_SYMBOL_EXTENSIONS = YES;
				CLANG_ANALYZER_NONNULL = YES;
				CLANG_ANALYZER_NUMBER_OBJECT_CONVERSION = YES_AGGRESSIVE;
				CLANG_CXX_LANGUAGE_STANDARD = "gnu++20";
				CLANG_ENABLE_MODULES = YES;
				CLANG_ENABLE_OBJC_ARC = YES;
				CLANG_ENABLE_OBJC_WEAK = YES;
				CLANG_WARN_BLOCK_CAPTURE_AUTORELEASING = YES;
				CLANG_WARN_BOOL_CONVERSION = YES;
				CLANG_WARN_COMMA = YES;
				CLANG_WARN_CONSTANT_CONVERSION = YES;
				CLANG_WARN_DEPRECATED_OBJC_IMPLEMENTATIONS = YES;
				CLANG_WARN_DIRECT_OBJC_ISA_USAGE = YES_ERROR;
				CLANG_WARN_DOCUMENTATION_COMMENTS = YES;
				CLANG_WARN_EMPTY_BODY = YES;
				CLANG_WARN_ENUM_CONVERSION = YES;
				CLANG_WARN_INFINITE_RECURSION = YES;
				CLANG_WARN_INT_CONVERSION = YES;
				CLANG_WARN_NON_LITERAL_NULL_CONVERSION = YES;
				CLANG_WARN_OBJC_IMPLICIT_RETAIN_SELF = YES;
				CLANG_WARN_OBJC_LITERAL_CONVERSION = YES;
				CLANG_WARN_OBJC_ROOT_CLASS = YES_ERROR;
				CLANG_WARN_QUOTED_INCLUDE_IN_FRAMEWORK_HEADER = YES;
				CLANG_WARN_RANGE_LOOP_ANALYSIS = YES;
				CLANG_WARN_STRICT_PROTOTYPES = YES;
				CLANG_WARN_SUSPICIOUS_MOVE = YES;
				CLANG_WARN_UNGUARDED_AVAILABILITY = YES_AGGRESSIVE;
				CLANG_WARN_UNREACHABLE_CODE = YES;
				CLANG_WARN__DUPLICATE_METHOD_MATCH = YES;
				COPY_PHASE_STRIP = NO;
				DEBUG_INFORMATION_FORMAT = "dwarf-with-dsym";
				ENABLE_NS_ASSERTIONS = NO;
				ENABLE_STRICT_OBJC_MSGSEND = YES;
				ENABLE_USER_SCRIPT_SANDBOXING = YES;
				GCC_C_LANGUAGE_STANDARD = gnu17;
				GCC_NO_COMMON_BLOCKS = YES;
				GCC_WARN_64_TO_32_BIT_CONVERSION = YES;
				GCC_WARN_ABOUT_RETURN_TYPE = YES_ERROR;
				GCC_WARN_UNDECLARED_SELECTOR = YES;
				GCC_WARN_UNINITIALIZED_AUTOS = YES_AGGRESSIVE;
				GCC_WARN_UNUSED_FUNCTION = YES;
				GCC_WARN_UNUSED_VARIABLE = YES;
				IPHONEOS_DEPLOYMENT_TARGET = 17.0;
				LOCALIZATION_PREFERS_STRING_CATALOGS = YES;
				MTL_ENABLE_DEBUG_INFO = NO;
				MTL_FAST_MATH = YES;
				SDKROOT = iphoneos;
				SWIFT_COMPILATION_MODE = wholemodule;
				VALIDATE_PRODUCT = YES;
			};
			name = Release;
		};
		1DB4FFA92B22573F00B4E2CF /* Debug */ = {
			isa = XCBuildConfiguration;
			buildSettings = {
				ASSETCATALOG_COMPILER_APPICON_NAME = AppIcon;
				ASSETCATALOG_COMPILER_GLOBAL_ACCENT_COLOR_NAME = AccentColor;
				CODE_SIGN_STYLE = Automatic;
				CURRENT_PROJECT_VERSION = 1;
				DEVELOPMENT_ASSET_PATHS = "\"finalproject/Preview Content\"";
				DEVELOPMENT_TEAM = 6FB4Q3T5DC;
				ENABLE_PREVIEWS = YES;
				GENERATE_INFOPLIST_FILE = YES;
				INFOPLIST_KEY_UIApplicationSceneManifest_Generation = YES;
				INFOPLIST_KEY_UIApplicationSupportsIndirectInputEvents = YES;
				INFOPLIST_KEY_UILaunchScreen_Generation = YES;
				INFOPLIST_KEY_UISupportedInterfaceOrientations_iPad = "UIInterfaceOrientationPortrait UIInterfaceOrientationPortraitUpsideDown UIInterfaceOrientationLandscapeLeft UIInterfaceOrientationLandscapeRight";
				INFOPLIST_KEY_UISupportedInterfaceOrientations_iPhone = "UIInterfaceOrientationPortrait UIInterfaceOrientationLandscapeLeft UIInterfaceOrientationLandscapeRight";
				LD_RUNPATH_SEARCH_PATHS = (
					"$(inherited)",
					"@executable_path/Frameworks",
				);
				MARKETING_VERSION = 1.0;
				PRODUCT_BUNDLE_IDENTIFIER = chapman.finalproject;
				PRODUCT_NAME = "$(TARGET_NAME)";
				SWIFT_EMIT_LOC_STRINGS = YES;
				SWIFT_VERSION = 5.0;
				TARGETED_DEVICE_FAMILY = "1,2";
			};
			name = Debug;
		};
		1DB4FFAA2B22573F00B4E2CF /* Release */ = {
			isa = XCBuildConfiguration;
			buildSettings = {
				ASSETCATALOG_COMPILER_APPICON_NAME = AppIcon;
				ASSETCATALOG_COMPILER_GLOBAL_ACCENT_COLOR_NAME = AccentColor;
				CODE_SIGN_STYLE = Automatic;
				CURRENT_PROJECT_VERSION = 1;
				DEVELOPMENT_ASSET_PATHS = "\"finalproject/Preview Content\"";
				DEVELOPMENT_TEAM = 6FB4Q3T5DC;
				ENABLE_PREVIEWS = YES;
				GENERATE_INFOPLIST_FILE = YES;
				INFOPLIST_KEY_UIApplicationSceneManifest_Generation = YES;
				INFOPLIST_KEY_UIApplicationSupportsIndirectInputEvents = YES;
				INFOPLIST_KEY_UILaunchScreen_Generation = YES;
				INFOPLIST_KEY_UISupportedInterfaceOrientations_iPad = "UIInterfaceOrientationPortrait UIInterfaceOrientationPortraitUpsideDown UIInterfaceOrientationLandscapeLeft UIInterfaceOrientationLandscapeRight";
				INFOPLIST_KEY_UISupportedInterfaceOrientations_iPhone = "UIInterfaceOrientationPortrait UIInterfaceOrientationLandscapeLeft UIInterfaceOrientationLandscapeRight";
				LD_RUNPATH_SEARCH_PATHS = (
					"$(inherited)",
					"@executable_path/Frameworks",
				);
				MARKETING_VERSION = 1.0;
				PRODUCT_BUNDLE_IDENTIFIER = chapman.finalproject;
				PRODUCT_NAME = "$(TARGET_NAME)";
				SWIFT_EMIT_LOC_STRINGS = YES;
				SWIFT_VERSION = 5.0;
				TARGETED_DEVICE_FAMILY = "1,2";
			};
			name = Release;
		};
/* End XCBuildConfiguration section */

/* Begin XCConfigurationList section */
		1DB4FF952B22573700B4E2CF /* Build configuration list for PBXProject "finalproject" */ = {
			isa = XCConfigurationList;
			buildConfigurations = (
				1DB4FFA62B22573F00B4E2CF /* Debug */,
				1DB4FFA72B22573F00B4E2CF /* Release */,
			);
			defaultConfigurationIsVisible = 0;
			defaultConfigurationName = Release;
		};
		1DB4FFA82B22573F00B4E2CF /* Build configuration list for PBXNativeTarget "finalproject" */ = {
			isa = XCConfigurationList;
			buildConfigurations = (
				1DB4FFA92B22573F00B4E2CF /* Debug */,
				1DB4FFAA2B22573F00B4E2CF /* Release */,
			);
			defaultConfigurationIsVisible = 0;
			defaultConfigurationName = Release;
		};
/* End XCConfigurationList section */
	};
	rootObject = 1DB4FF922B22573700B4E2CF /* Project object */;
}
